// !$*UTF8*$!
{
	archiveVersion = 1;
	classes = {
	};
	objectVersion = 46;
	objects = {

/* Begin PBXBuildFile section */
		446054B795B93C25C7930AEA /* Pods_reactive_siestaTests.framework in Frameworks */ = {isa = PBXBuildFile; fileRef = 50515B723ABF310ED3C4764A /* Pods_reactive_siestaTests.framework */; };
		714BC18A1BC9620F00BEA8D8 /* main.m in Sources */ = {isa = PBXBuildFile; fileRef = 714BC1891BC9620F00BEA8D8 /* main.m */; };
		714BC18D1BC9620F00BEA8D8 /* AppDelegate.m in Sources */ = {isa = PBXBuildFile; fileRef = 714BC18C1BC9620F00BEA8D8 /* AppDelegate.m */; };
		714BC1901BC9620F00BEA8D8 /* MasterViewController.m in Sources */ = {isa = PBXBuildFile; fileRef = 714BC18F1BC9620F00BEA8D8 /* MasterViewController.m */; };
		714BC1931BC9620F00BEA8D8 /* DetailViewController.m in Sources */ = {isa = PBXBuildFile; fileRef = 714BC1921BC9620F00BEA8D8 /* DetailViewController.m */; };
		714BC1961BC9620F00BEA8D8 /* Main.storyboard in Resources */ = {isa = PBXBuildFile; fileRef = 714BC1941BC9620F00BEA8D8 /* Main.storyboard */; };
		714BC1981BC9620F00BEA8D8 /* Assets.xcassets in Resources */ = {isa = PBXBuildFile; fileRef = 714BC1971BC9620F00BEA8D8 /* Assets.xcassets */; };
		714BC19B1BC9620F00BEA8D8 /* LaunchScreen.storyboard in Resources */ = {isa = PBXBuildFile; fileRef = 714BC1991BC9620F00BEA8D8 /* LaunchScreen.storyboard */; };
		714BC1A61BC9620F00BEA8D8 /* reactive_siestaTests.m in Sources */ = {isa = PBXBuildFile; fileRef = 714BC1A51BC9620F00BEA8D8 /* reactive_siestaTests.m */; };
		714BC1B11BC9620F00BEA8D8 /* reactive_siestaUITests.m in Sources */ = {isa = PBXBuildFile; fileRef = 714BC1B01BC9620F00BEA8D8 /* reactive_siestaUITests.m */; };
		74CD06B7773B15421B63D12A /* Pods_reactive_siestaUITests.framework in Frameworks */ = {isa = PBXBuildFile; fileRef = 3673D4EB4A869D003FD4E77E /* Pods_reactive_siestaUITests.framework */; };
		B9B7954DFB5AB4240442F5B8 /* Pods_reactive_siesta.framework in Frameworks */ = {isa = PBXBuildFile; fileRef = E94B0D7B07E75EBB0371A9A1 /* Pods_reactive_siesta.framework */; };
/* End PBXBuildFile section */

/* Begin PBXContainerItemProxy section */
		714BC1A21BC9620F00BEA8D8 /* PBXContainerItemProxy */ = {
			isa = PBXContainerItemProxy;
			containerPortal = 714BC17D1BC9620F00BEA8D8 /* Project object */;
			proxyType = 1;
			remoteGlobalIDString = 714BC1841BC9620F00BEA8D8;
			remoteInfo = reactive_siesta;
		};
		714BC1AD1BC9620F00BEA8D8 /* PBXContainerItemProxy */ = {
			isa = PBXContainerItemProxy;
			containerPortal = 714BC17D1BC9620F00BEA8D8 /* Project object */;
			proxyType = 1;
			remoteGlobalIDString = 714BC1841BC9620F00BEA8D8;
			remoteInfo = reactive_siesta;
		};
/* End PBXContainerItemProxy section */

/* Begin PBXFileReference section */
		3673D4EB4A869D003FD4E77E /* Pods_reactive_siestaUITests.framework */ = {isa = PBXFileReference; explicitFileType = wrapper.framework; includeInIndex = 0; path = Pods_reactive_siestaUITests.framework; sourceTree = BUILT_PRODUCTS_DIR; };
		50515B723ABF310ED3C4764A /* Pods_reactive_siestaTests.framework */ = {isa = PBXFileReference; explicitFileType = wrapper.framework; includeInIndex = 0; path = Pods_reactive_siestaTests.framework; sourceTree = BUILT_PRODUCTS_DIR; };
		5AED411976681E8C7B253F3D /* Pods-reactive_siestaUITests.debug.xcconfig */ = {isa = PBXFileReference; includeInIndex = 1; lastKnownFileType = text.xcconfig; name = "Pods-reactive_siestaUITests.debug.xcconfig"; path = "Pods/Target Support Files/Pods-reactive_siestaUITests/Pods-reactive_siestaUITests.debug.xcconfig"; sourceTree = "<group>"; };
		7051E48CD74E5056012762E2 /* Pods-reactive_siestaTests.release.xcconfig */ = {isa = PBXFileReference; includeInIndex = 1; lastKnownFileType = text.xcconfig; name = "Pods-reactive_siestaTests.release.xcconfig"; path = "Pods/Target Support Files/Pods-reactive_siestaTests/Pods-reactive_siestaTests.release.xcconfig"; sourceTree = "<group>"; };
		714BC1851BC9620F00BEA8D8 /* reactive_siesta.app */ = {isa = PBXFileReference; explicitFileType = wrapper.application; includeInIndex = 0; path = reactive_siesta.app; sourceTree = BUILT_PRODUCTS_DIR; };
		714BC1891BC9620F00BEA8D8 /* main.m */ = {isa = PBXFileReference; lastKnownFileType = sourcecode.c.objc; path = main.m; sourceTree = "<group>"; };
		714BC18B1BC9620F00BEA8D8 /* AppDelegate.h */ = {isa = PBXFileReference; lastKnownFileType = sourcecode.c.h; path = AppDelegate.h; sourceTree = "<group>"; };
		714BC18C1BC9620F00BEA8D8 /* AppDelegate.m */ = {isa = PBXFileReference; lastKnownFileType = sourcecode.c.objc; path = AppDelegate.m; sourceTree = "<group>"; };
		714BC18E1BC9620F00BEA8D8 /* MasterViewController.h */ = {isa = PBXFileReference; lastKnownFileType = sourcecode.c.h; path = MasterViewController.h; sourceTree = "<group>"; };
		714BC18F1BC9620F00BEA8D8 /* MasterViewController.m */ = {isa = PBXFileReference; lastKnownFileType = sourcecode.c.objc; path = MasterViewController.m; sourceTree = "<group>"; };
		714BC1911BC9620F00BEA8D8 /* DetailViewController.h */ = {isa = PBXFileReference; lastKnownFileType = sourcecode.c.h; path = DetailViewController.h; sourceTree = "<group>"; };
		714BC1921BC9620F00BEA8D8 /* DetailViewController.m */ = {isa = PBXFileReference; lastKnownFileType = sourcecode.c.objc; path = DetailViewController.m; sourceTree = "<group>"; };
		714BC1951BC9620F00BEA8D8 /* Base */ = {isa = PBXFileReference; lastKnownFileType = file.storyboard; name = Base; path = Base.lproj/Main.storyboard; sourceTree = "<group>"; };
		714BC1971BC9620F00BEA8D8 /* Assets.xcassets */ = {isa = PBXFileReference; lastKnownFileType = folder.assetcatalog; path = Assets.xcassets; sourceTree = "<group>"; };
		714BC19A1BC9620F00BEA8D8 /* Base */ = {isa = PBXFileReference; lastKnownFileType = file.storyboard; name = Base; path = Base.lproj/LaunchScreen.storyboard; sourceTree = "<group>"; };
		714BC19C1BC9620F00BEA8D8 /* Info.plist */ = {isa = PBXFileReference; lastKnownFileType = text.plist.xml; path = Info.plist; sourceTree = "<group>"; };
		714BC1A11BC9620F00BEA8D8 /* reactive_siestaTests.xctest */ = {isa = PBXFileReference; explicitFileType = wrapper.cfbundle; includeInIndex = 0; path = reactive_siestaTests.xctest; sourceTree = BUILT_PRODUCTS_DIR; };
		714BC1A51BC9620F00BEA8D8 /* reactive_siestaTests.m */ = {isa = PBXFileReference; lastKnownFileType = sourcecode.c.objc; path = reactive_siestaTests.m; sourceTree = "<group>"; };
		714BC1A71BC9620F00BEA8D8 /* Info.plist */ = {isa = PBXFileReference; lastKnownFileType = text.plist.xml; path = Info.plist; sourceTree = "<group>"; };
		714BC1AC1BC9620F00BEA8D8 /* reactive_siestaUITests.xctest */ = {isa = PBXFileReference; explicitFileType = wrapper.cfbundle; includeInIndex = 0; path = reactive_siestaUITests.xctest; sourceTree = BUILT_PRODUCTS_DIR; };
		714BC1B01BC9620F00BEA8D8 /* reactive_siestaUITests.m */ = {isa = PBXFileReference; lastKnownFileType = sourcecode.c.objc; path = reactive_siestaUITests.m; sourceTree = "<group>"; };
		714BC1B21BC9620F00BEA8D8 /* Info.plist */ = {isa = PBXFileReference; lastKnownFileType = text.plist.xml; path = Info.plist; sourceTree = "<group>"; };
		81A1766A5CA8E17FA3F94D22 /* Pods-reactive_siestaUITests.release.xcconfig */ = {isa = PBXFileReference; includeInIndex = 1; lastKnownFileType = text.xcconfig; name = "Pods-reactive_siestaUITests.release.xcconfig"; path = "Pods/Target Support Files/Pods-reactive_siestaUITests/Pods-reactive_siestaUITests.release.xcconfig"; sourceTree = "<group>"; };
		8D8B8AFE9A3DCC320799EB33 /* Pods-reactive_siestaTests.debug.xcconfig */ = {isa = PBXFileReference; includeInIndex = 1; lastKnownFileType = text.xcconfig; name = "Pods-reactive_siestaTests.debug.xcconfig"; path = "Pods/Target Support Files/Pods-reactive_siestaTests/Pods-reactive_siestaTests.debug.xcconfig"; sourceTree = "<group>"; };
		98519442E0B0DA485D4C7798 /* Pods-reactive_siesta.debug.xcconfig */ = {isa = PBXFileReference; includeInIndex = 1; lastKnownFileType = text.xcconfig; name = "Pods-reactive_siesta.debug.xcconfig"; path = "Pods/Target Support Files/Pods-reactive_siesta/Pods-reactive_siesta.debug.xcconfig"; sourceTree = "<group>"; };
		E94B0D7B07E75EBB0371A9A1 /* Pods_reactive_siesta.framework */ = {isa = PBXFileReference; explicitFileType = wrapper.framework; includeInIndex = 0; path = Pods_reactive_siesta.framework; sourceTree = BUILT_PRODUCTS_DIR; };
		F30C23DF76691ED5BE4C49A5 /* Pods-reactive_siesta.release.xcconfig */ = {isa = PBXFileReference; includeInIndex = 1; lastKnownFileType = text.xcconfig; name = "Pods-reactive_siesta.release.xcconfig"; path = "Pods/Target Support Files/Pods-reactive_siesta/Pods-reactive_siesta.release.xcconfig"; sourceTree = "<group>"; };
/* End PBXFileReference section */

/* Begin PBXFrameworksBuildPhase section */
		714BC1821BC9620F00BEA8D8 /* Frameworks */ = {
			isa = PBXFrameworksBuildPhase;
			buildActionMask = 2147483647;
			files = (
				B9B7954DFB5AB4240442F5B8 /* Pods_reactive_siesta.framework in Frameworks */,
			);
			runOnlyForDeploymentPostprocessing = 0;
		};
		714BC19E1BC9620F00BEA8D8 /* Frameworks */ = {
			isa = PBXFrameworksBuildPhase;
			buildActionMask = 2147483647;
			files = (
				446054B795B93C25C7930AEA /* Pods_reactive_siestaTests.framework in Frameworks */,
			);
			runOnlyForDeploymentPostprocessing = 0;
		};
		714BC1A91BC9620F00BEA8D8 /* Frameworks */ = {
			isa = PBXFrameworksBuildPhase;
			buildActionMask = 2147483647;
			files = (
				74CD06B7773B15421B63D12A /* Pods_reactive_siestaUITests.framework in Frameworks */,
			);
			runOnlyForDeploymentPostprocessing = 0;
		};
/* End PBXFrameworksBuildPhase section */

/* Begin PBXGroup section */
		714BC17C1BC9620F00BEA8D8 = {
			isa = PBXGroup;
			children = (
				714BC1871BC9620F00BEA8D8 /* reactive_siesta */,
				714BC1A41BC9620F00BEA8D8 /* reactive_siestaTests */,
				714BC1AF1BC9620F00BEA8D8 /* reactive_siestaUITests */,
				714BC1861BC9620F00BEA8D8 /* Products */,
				8B717632D79CB9DB1AB1794A /* Pods */,
				D8E57CF951FBA36B27BE57A7 /* Frameworks */,
			);
			sourceTree = "<group>";
		};
		714BC1861BC9620F00BEA8D8 /* Products */ = {
			isa = PBXGroup;
			children = (
				714BC1851BC9620F00BEA8D8 /* reactive_siesta.app */,
				714BC1A11BC9620F00BEA8D8 /* reactive_siestaTests.xctest */,
				714BC1AC1BC9620F00BEA8D8 /* reactive_siestaUITests.xctest */,
			);
			name = Products;
			sourceTree = "<group>";
		};
		714BC1871BC9620F00BEA8D8 /* reactive_siesta */ = {
			isa = PBXGroup;
			children = (
				714BC18B1BC9620F00BEA8D8 /* AppDelegate.h */,
				714BC18C1BC9620F00BEA8D8 /* AppDelegate.m */,
				714BC18E1BC9620F00BEA8D8 /* MasterViewController.h */,
				714BC18F1BC9620F00BEA8D8 /* MasterViewController.m */,
				714BC1911BC9620F00BEA8D8 /* DetailViewController.h */,
				714BC1921BC9620F00BEA8D8 /* DetailViewController.m */,
				714BC1941BC9620F00BEA8D8 /* Main.storyboard */,
				714BC1971BC9620F00BEA8D8 /* Assets.xcassets */,
				714BC1991BC9620F00BEA8D8 /* LaunchScreen.storyboard */,
				714BC19C1BC9620F00BEA8D8 /* Info.plist */,
				714BC1881BC9620F00BEA8D8 /* Supporting Files */,
			);
			path = reactive_siesta;
			sourceTree = "<group>";
		};
		714BC1881BC9620F00BEA8D8 /* Supporting Files */ = {
			isa = PBXGroup;
			children = (
				714BC1891BC9620F00BEA8D8 /* main.m */,
			);
			name = "Supporting Files";
			sourceTree = "<group>";
		};
		714BC1A41BC9620F00BEA8D8 /* reactive_siestaTests */ = {
			isa = PBXGroup;
			children = (
				714BC1A51BC9620F00BEA8D8 /* reactive_siestaTests.m */,
				714BC1A71BC9620F00BEA8D8 /* Info.plist */,
			);
			path = reactive_siestaTests;
			sourceTree = "<group>";
		};
		714BC1AF1BC9620F00BEA8D8 /* reactive_siestaUITests */ = {
			isa = PBXGroup;
			children = (
				714BC1B01BC9620F00BEA8D8 /* reactive_siestaUITests.m */,
				714BC1B21BC9620F00BEA8D8 /* Info.plist */,
			);
			path = reactive_siestaUITests;
			sourceTree = "<group>";
		};
		8B717632D79CB9DB1AB1794A /* Pods */ = {
			isa = PBXGroup;
			children = (
				98519442E0B0DA485D4C7798 /* Pods-reactive_siesta.debug.xcconfig */,
				F30C23DF76691ED5BE4C49A5 /* Pods-reactive_siesta.release.xcconfig */,
				8D8B8AFE9A3DCC320799EB33 /* Pods-reactive_siestaTests.debug.xcconfig */,
				7051E48CD74E5056012762E2 /* Pods-reactive_siestaTests.release.xcconfig */,
				5AED411976681E8C7B253F3D /* Pods-reactive_siestaUITests.debug.xcconfig */,
				81A1766A5CA8E17FA3F94D22 /* Pods-reactive_siestaUITests.release.xcconfig */,
			);
			name = Pods;
			sourceTree = "<group>";
		};
		D8E57CF951FBA36B27BE57A7 /* Frameworks */ = {
			isa = PBXGroup;
			children = (
				E94B0D7B07E75EBB0371A9A1 /* Pods_reactive_siesta.framework */,
				50515B723ABF310ED3C4764A /* Pods_reactive_siestaTests.framework */,
				3673D4EB4A869D003FD4E77E /* Pods_reactive_siestaUITests.framework */,
			);
			name = Frameworks;
			sourceTree = "<group>";
		};
/* End PBXGroup section */

/* Begin PBXNativeTarget section */
		714BC1841BC9620F00BEA8D8 /* reactive_siesta */ = {
			isa = PBXNativeTarget;
			buildConfigurationList = 714BC1B51BC9620F00BEA8D8 /* Build configuration list for PBXNativeTarget "reactive_siesta" */;
			buildPhases = (
				D7CB08B58C6552D93572F0BA /* Check Pods Manifest.lock */,
				714BC1811BC9620F00BEA8D8 /* Sources */,
				714BC1821BC9620F00BEA8D8 /* Frameworks */,
				714BC1831BC9620F00BEA8D8 /* Resources */,
				E91E5CD4175A6C33CD83365A /* Embed Pods Frameworks */,
				A764AAC541EC48638A04BBDB /* Copy Pods Resources */,
			);
			buildRules = (
			);
			dependencies = (
			);
			name = reactive_siesta;
			productName = reactive_siesta;
			productReference = 714BC1851BC9620F00BEA8D8 /* reactive_siesta.app */;
			productType = "com.apple.product-type.application";
		};
		714BC1A01BC9620F00BEA8D8 /* reactive_siestaTests */ = {
			isa = PBXNativeTarget;
			buildConfigurationList = 714BC1B81BC9620F00BEA8D8 /* Build configuration list for PBXNativeTarget "reactive_siestaTests" */;
			buildPhases = (
				036093CF7191BBA935CD9963 /* Check Pods Manifest.lock */,
				714BC19D1BC9620F00BEA8D8 /* Sources */,
				714BC19E1BC9620F00BEA8D8 /* Frameworks */,
				714BC19F1BC9620F00BEA8D8 /* Resources */,
				A99862E0A7B0363D6CBD2915 /* Embed Pods Frameworks */,
				39ED363DDC083A4AABD8FD1A /* Copy Pods Resources */,
			);
			buildRules = (
			);
			dependencies = (
				714BC1A31BC9620F00BEA8D8 /* PBXTargetDependency */,
			);
			name = reactive_siestaTests;
			productName = reactive_siestaTests;
			productReference = 714BC1A11BC9620F00BEA8D8 /* reactive_siestaTests.xctest */;
			productType = "com.apple.product-type.bundle.unit-test";
		};
		714BC1AB1BC9620F00BEA8D8 /* reactive_siestaUITests */ = {
			isa = PBXNativeTarget;
			buildConfigurationList = 714BC1BB1BC9620F00BEA8D8 /* Build configuration list for PBXNativeTarget "reactive_siestaUITests" */;
			buildPhases = (
				EFA201E6DFDF8B5539CC5683 /* Check Pods Manifest.lock */,
				714BC1A81BC9620F00BEA8D8 /* Sources */,
				714BC1A91BC9620F00BEA8D8 /* Frameworks */,
				714BC1AA1BC9620F00BEA8D8 /* Resources */,
				3F96F110EA8211DF188163AC /* Copy Pods Resources */,
			);
			buildRules = (
			);
			dependencies = (
				714BC1AE1BC9620F00BEA8D8 /* PBXTargetDependency */,
			);
			name = reactive_siestaUITests;
			productName = reactive_siestaUITests;
			productReference = 714BC1AC1BC9620F00BEA8D8 /* reactive_siestaUITests.xctest */;
			productType = "com.apple.product-type.bundle.ui-testing";
		};
/* End PBXNativeTarget section */

/* Begin PBXProject section */
		714BC17D1BC9620F00BEA8D8 /* Project object */ = {
			isa = PBXProject;
			attributes = {
				LastUpgradeCheck = 0700;
				ORGANIZATIONNAME = "Andrew Rahn";
				TargetAttributes = {
					714BC1841BC9620F00BEA8D8 = {
						CreatedOnToolsVersion = 7.0.1;
					};
					714BC1A01BC9620F00BEA8D8 = {
						CreatedOnToolsVersion = 7.0.1;
						TestTargetID = 714BC1841BC9620F00BEA8D8;
					};
					714BC1AB1BC9620F00BEA8D8 = {
						CreatedOnToolsVersion = 7.0.1;
						TestTargetID = 714BC1841BC9620F00BEA8D8;
					};
				};
			};
			buildConfigurationList = 714BC1801BC9620F00BEA8D8 /* Build configuration list for PBXProject "reactive_siesta" */;
			compatibilityVersion = "Xcode 3.2";
			developmentRegion = English;
			hasScannedForEncodings = 0;
			knownRegions = (
				en,
				Base,
			);
			mainGroup = 714BC17C1BC9620F00BEA8D8;
			productRefGroup = 714BC1861BC9620F00BEA8D8 /* Products */;
			projectDirPath = "";
			projectRoot = "";
			targets = (
				714BC1841BC9620F00BEA8D8 /* reactive_siesta */,
				714BC1A01BC9620F00BEA8D8 /* reactive_siestaTests */,
				714BC1AB1BC9620F00BEA8D8 /* reactive_siestaUITests */,
			);
		};
/* End PBXProject section */

/* Begin PBXResourcesBuildPhase section */
		714BC1831BC9620F00BEA8D8 /* Resources */ = {
			isa = PBXResourcesBuildPhase;
			buildActionMask = 2147483647;
			files = (
				714BC19B1BC9620F00BEA8D8 /* LaunchScreen.storyboard in Resources */,
				714BC1981BC9620F00BEA8D8 /* Assets.xcassets in Resources */,
				714BC1961BC9620F00BEA8D8 /* Main.storyboard in Resources */,
			);
			runOnlyForDeploymentPostprocessing = 0;
		};
		714BC19F1BC9620F00BEA8D8 /* Resources */ = {
			isa = PBXResourcesBuildPhase;
			buildActionMask = 2147483647;
			files = (
			);
			runOnlyForDeploymentPostprocessing = 0;
		};
		714BC1AA1BC9620F00BEA8D8 /* Resources */ = {
			isa = PBXResourcesBuildPhase;
			buildActionMask = 2147483647;
			files = (
			);
			runOnlyForDeploymentPostprocessing = 0;
		};
/* End PBXResourcesBuildPhase section */

/* Begin PBXShellScriptBuildPhase section */
		036093CF7191BBA935CD9963 /* Check Pods Manifest.lock */ = {
			isa = PBXShellScriptBuildPhase;
			buildActionMask = 2147483647;
			files = (
			);
			inputPaths = (
			);
			name = "Check Pods Manifest.lock";
			outputPaths = (
			);
			runOnlyForDeploymentPostprocessing = 0;
			shellPath = /bin/sh;
			shellScript = "diff \"${PODS_ROOT}/../Podfile.lock\" \"${PODS_ROOT}/Manifest.lock\" > /dev/null\nif [[ $? != 0 ]] ; then\n    cat << EOM\nerror: The sandbox is not in sync with the Podfile.lock. Run 'pod install' or update your CocoaPods installation.\nEOM\n    exit 1\nfi\n";
			showEnvVarsInLog = 0;
		};
		39ED363DDC083A4AABD8FD1A /* Copy Pods Resources */ = {
			isa = PBXShellScriptBuildPhase;
			buildActionMask = 2147483647;
			files = (
			);
			inputPaths = (
			);
			name = "Copy Pods Resources";
			outputPaths = (
			);
			runOnlyForDeploymentPostprocessing = 0;
			shellPath = /bin/sh;
			shellScript = "\"${SRCROOT}/Pods/Target Support Files/Pods-reactive_siestaTests/Pods-reactive_siestaTests-resources.sh\"\n";
			showEnvVarsInLog = 0;
		};
		3F96F110EA8211DF188163AC /* Copy Pods Resources */ = {
			isa = PBXShellScriptBuildPhase;
			buildActionMask = 2147483647;
			files = (
			);
			inputPaths = (
			);
			name = "Copy Pods Resources";
			outputPaths = (
			);
			runOnlyForDeploymentPostprocessing = 0;
			shellPath = /bin/sh;
			shellScript = "\"${SRCROOT}/Pods/Target Support Files/Pods-reactive_siestaUITests/Pods-reactive_siestaUITests-resources.sh\"\n";
			showEnvVarsInLog = 0;
		};
		A764AAC541EC48638A04BBDB /* Copy Pods Resources */ = {
			isa = PBXShellScriptBuildPhase;
			buildActionMask = 2147483647;
			files = (
			);
			inputPaths = (
			);
			name = "Copy Pods Resources";
			outputPaths = (
			);
			runOnlyForDeploymentPostprocessing = 0;
			shellPath = /bin/sh;
			shellScript = "\"${SRCROOT}/Pods/Target Support Files/Pods-reactive_siesta/Pods-reactive_siesta-resources.sh\"\n";
			showEnvVarsInLog = 0;
		};
		A99862E0A7B0363D6CBD2915 /* Embed Pods Frameworks */ = {
			isa = PBXShellScriptBuildPhase;
			buildActionMask = 2147483647;
			files = (
			);
			inputPaths = (
			);
			name = "Embed Pods Frameworks";
			outputPaths = (
			);
			runOnlyForDeploymentPostprocessing = 0;
			shellPath = /bin/sh;
			shellScript = "\"${SRCROOT}/Pods/Target Support Files/Pods-reactive_siestaTests/Pods-reactive_siestaTests-frameworks.sh\"\n";
			showEnvVarsInLog = 0;
		};
		D7CB08B58C6552D93572F0BA /* Check Pods Manifest.lock */ = {
			isa = PBXShellScriptBuildPhase;
			buildActionMask = 2147483647;
			files = (
			);
			inputPaths = (
			);
			name = "Check Pods Manifest.lock";
			outputPaths = (
			);
			runOnlyForDeploymentPostprocessing = 0;
			shellPath = /bin/sh;
			shellScript = "diff \"${PODS_ROOT}/../Podfile.lock\" \"${PODS_ROOT}/Manifest.lock\" > /dev/null\nif [[ $? != 0 ]] ; then\n    cat << EOM\nerror: The sandbox is not in sync with the Podfile.lock. Run 'pod install' or update your CocoaPods installation.\nEOM\n    exit 1\nfi\n";
			showEnvVarsInLog = 0;
		};
		E91E5CD4175A6C33CD83365A /* Embed Pods Frameworks */ = {
			isa = PBXShellScriptBuildPhase;
			buildActionMask = 2147483647;
			files = (
			);
			inputPaths = (
			);
			name = "Embed Pods Frameworks";
			outputPaths = (
			);
			runOnlyForDeploymentPostprocessing = 0;
			shellPath = /bin/sh;
			shellScript = "\"${SRCROOT}/Pods/Target Support Files/Pods-reactive_siesta/Pods-reactive_siesta-frameworks.sh\"\n";
			showEnvVarsInLog = 0;
		};
		EFA201E6DFDF8B5539CC5683 /* Check Pods Manifest.lock */ = {
			isa = PBXShellScriptBuildPhase;
			buildActionMask = 2147483647;
			files = (
			);
			inputPaths = (
			);
			name = "Check Pods Manifest.lock";
			outputPaths = (
			);
			runOnlyForDeploymentPostprocessing = 0;
			shellPath = /bin/sh;
			shellScript = "diff \"${PODS_ROOT}/../Podfile.lock\" \"${PODS_ROOT}/Manifest.lock\" > /dev/null\nif [[ $? != 0 ]] ; then\n    cat << EOM\nerror: The sandbox is not in sync with the Podfile.lock. Run 'pod install' or update your CocoaPods installation.\nEOM\n    exit 1\nfi\n";
			showEnvVarsInLog = 0;
		};
/* End PBXShellScriptBuildPhase section */

/* Begin PBXSourcesBuildPhase section */
		714BC1811BC9620F00BEA8D8 /* Sources */ = {
			isa = PBXSourcesBuildPhase;
			buildActionMask = 2147483647;
			files = (
				714BC18D1BC9620F00BEA8D8 /* AppDelegate.m in Sources */,
				714BC1901BC9620F00BEA8D8 /* MasterViewController.m in Sources */,
				714BC18A1BC9620F00BEA8D8 /* main.m in Sources */,
				714BC1931BC9620F00BEA8D8 /* DetailViewController.m in Sources */,
			);
			runOnlyForDeploymentPostprocessing = 0;
		};
		714BC19D1BC9620F00BEA8D8 /* Sources */ = {
			isa = PBXSourcesBuildPhase;
			buildActionMask = 2147483647;
			files = (
				714BC1A61BC9620F00BEA8D8 /* reactive_siestaTests.m in Sources */,
			);
			runOnlyForDeploymentPostprocessing = 0;
		};
		714BC1A81BC9620F00BEA8D8 /* Sources */ = {
			isa = PBXSourcesBuildPhase;
			buildActionMask = 2147483647;
			files = (
				714BC1B11BC9620F00BEA8D8 /* reactive_siestaUITests.m in Sources */,
			);
			runOnlyForDeploymentPostprocessing = 0;
		};
/* End PBXSourcesBuildPhase section */

/* Begin PBXTargetDependency section */
		714BC1A31BC9620F00BEA8D8 /* PBXTargetDependency */ = {
			isa = PBXTargetDependency;
			target = 714BC1841BC9620F00BEA8D8 /* reactive_siesta */;
			targetProxy = 714BC1A21BC9620F00BEA8D8 /* PBXContainerItemProxy */;
		};
		714BC1AE1BC9620F00BEA8D8 /* PBXTargetDependency */ = {
			isa = PBXTargetDependency;
			target = 714BC1841BC9620F00BEA8D8 /* reactive_siesta */;
			targetProxy = 714BC1AD1BC9620F00BEA8D8 /* PBXContainerItemProxy */;
		};
/* End PBXTargetDependency section */

/* Begin PBXVariantGroup section */
		714BC1941BC9620F00BEA8D8 /* Main.storyboard */ = {
			isa = PBXVariantGroup;
			children = (
				714BC1951BC9620F00BEA8D8 /* Base */,
			);
			name = Main.storyboard;
			sourceTree = "<group>";
		};
		714BC1991BC9620F00BEA8D8 /* LaunchScreen.storyboard */ = {
			isa = PBXVariantGroup;
			children = (
				714BC19A1BC9620F00BEA8D8 /* Base */,
			);
			name = LaunchScreen.storyboard;
			sourceTree = "<group>";
		};
/* End PBXVariantGroup section */

/* Begin XCBuildConfiguration section */
		714BC1B31BC9620F00BEA8D8 /* Debug */ = {
			isa = XCBuildConfiguration;
			buildSettings = {
				ALWAYS_SEARCH_USER_PATHS = NO;
				CLANG_CXX_LANGUAGE_STANDARD = "gnu++0x";
				CLANG_CXX_LIBRARY = "libc++";
				CLANG_ENABLE_MODULES = YES;
				CLANG_ENABLE_OBJC_ARC = YES;
				CLANG_WARN_BOOL_CONVERSION = YES;
				CLANG_WARN_CONSTANT_CONVERSION = YES;
				CLANG_WARN_DIRECT_OBJC_ISA_USAGE = YES_ERROR;
				CLANG_WARN_EMPTY_BODY = YES;
				CLANG_WARN_ENUM_CONVERSION = YES;
				CLANG_WARN_INT_CONVERSION = YES;
				CLANG_WARN_OBJC_ROOT_CLASS = YES_ERROR;
				CLANG_WARN_UNREACHABLE_CODE = YES;
				CLANG_WARN__DUPLICATE_METHOD_MATCH = YES;
				"CODE_SIGN_IDENTITY[sdk=iphoneos*]" = "iPhone Developer";
				COPY_PHASE_STRIP = NO;
				DEBUG_INFORMATION_FORMAT = dwarf;
				ENABLE_STRICT_OBJC_MSGSEND = YES;
				ENABLE_TESTABILITY = YES;
				GCC_C_LANGUAGE_STANDARD = gnu99;
				GCC_DYNAMIC_NO_PIC = NO;
				GCC_NO_COMMON_BLOCKS = YES;
				GCC_OPTIMIZATION_LEVEL = 0;
				GCC_PREPROCESSOR_DEFINITIONS = (
					"DEBUG=1",
					"$(inherited)",
				);
				GCC_WARN_64_TO_32_BIT_CONVERSION = YES;
				GCC_WARN_ABOUT_RETURN_TYPE = YES_ERROR;
				GCC_WARN_UNDECLARED_SELECTOR = YES;
				GCC_WARN_UNINITIALIZED_AUTOS = YES_AGGRESSIVE;
				GCC_WARN_UNUSED_FUNCTION = YES;
				GCC_WARN_UNUSED_VARIABLE = YES;
				IPHONEOS_DEPLOYMENT_TARGET = 9.0;
				MTL_ENABLE_DEBUG_INFO = YES;
				ONLY_ACTIVE_ARCH = YES;
				SDKROOT = iphoneos;
				TARGETED_DEVICE_FAMILY = 2;
			};
			name = Debug;
		};
		714BC1B41BC9620F00BEA8D8 /* Release */ = {
			isa = XCBuildConfiguration;
			buildSettings = {
				ALWAYS_SEARCH_USER_PATHS = NO;
				CLANG_CXX_LANGUAGE_STANDARD = "gnu++0x";
				CLANG_CXX_LIBRARY = "libc++";
				CLANG_ENABLE_MODULES = YES;
				CLANG_ENABLE_OBJC_ARC = YES;
				CLANG_WARN_BOOL_CONVERSION = YES;
				CLANG_WARN_CONSTANT_CONVERSION = YES;
				CLANG_WARN_DIRECT_OBJC_ISA_USAGE = YES_ERROR;
				CLANG_WARN_EMPTY_BODY = YES;
				CLANG_WARN_ENUM_CONVERSION = YES;
				CLANG_WARN_INT_CONVERSION = YES;
				CLANG_WARN_OBJC_ROOT_CLASS = YES_ERROR;
				CLANG_WARN_UNREACHABLE_CODE = YES;
				CLANG_WARN__DUPLICATE_METHOD_MATCH = YES;
				"CODE_SIGN_IDENTITY[sdk=iphoneos*]" = "iPhone Developer";
				COPY_PHASE_STRIP = NO;
				DEBUG_INFORMATION_FORMAT = "dwarf-with-dsym";
				ENABLE_NS_ASSERTIONS = NO;
				ENABLE_STRICT_OBJC_MSGSEND = YES;
				GCC_C_LANGUAGE_STANDARD = gnu99;
				GCC_NO_COMMON_BLOCKS = YES;
				GCC_WARN_64_TO_32_BIT_CONVERSION = YES;
				GCC_WARN_ABOUT_RETURN_TYPE = YES_ERROR;
				GCC_WARN_UNDECLARED_SELECTOR = YES;
				GCC_WARN_UNINITIALIZED_AUTOS = YES_AGGRESSIVE;
				GCC_WARN_UNUSED_FUNCTION = YES;
				GCC_WARN_UNUSED_VARIABLE = YES;
				IPHONEOS_DEPLOYMENT_TARGET = 9.0;
				MTL_ENABLE_DEBUG_INFO = NO;
				SDKROOT = iphoneos;
				TARGETED_DEVICE_FAMILY = 2;
				VALIDATE_PRODUCT = YES;
			};
			name = Release;
		};
		714BC1B61BC9620F00BEA8D8 /* Debug */ = {
			isa = XCBuildConfiguration;
			baseConfigurationReference = 98519442E0B0DA485D4C7798 /* Pods-reactive_siesta.debug.xcconfig */;
			buildSettings = {
				ASSETCATALOG_COMPILER_APPICON_NAME = AppIcon;
				INFOPLIST_FILE = reactive_siesta/Info.plist;
				LD_RUNPATH_SEARCH_PATHS = "$(inherited) @executable_path/Frameworks";
				PRODUCT_BUNDLE_IDENTIFIER = "net.paddlefish.reactive-siesta";
				PRODUCT_NAME = "$(TARGET_NAME)";
			};
			name = Debug;
		};
		714BC1B71BC9620F00BEA8D8 /* Release */ = {
			isa = XCBuildConfiguration;
			baseConfigurationReference = F30C23DF76691ED5BE4C49A5 /* Pods-reactive_siesta.release.xcconfig */;
			buildSettings = {
				ASSETCATALOG_COMPILER_APPICON_NAME = AppIcon;
				INFOPLIST_FILE = reactive_siesta/Info.plist;
				LD_RUNPATH_SEARCH_PATHS = "$(inherited) @executable_path/Frameworks";
				PRODUCT_BUNDLE_IDENTIFIER = "net.paddlefish.reactive-siesta";
				PRODUCT_NAME = "$(TARGET_NAME)";
			};
			name = Release;
		};
		714BC1B91BC9620F00BEA8D8 /* Debug */ = {
			isa = XCBuildConfiguration;
			baseConfigurationReference = 8D8B8AFE9A3DCC320799EB33 /* Pods-reactive_siestaTests.debug.xcconfig */;
			buildSettings = {
				BUNDLE_LOADER = "$(TEST_HOST)";
				INFOPLIST_FILE = reactive_siestaTests/Info.plist;
				LD_RUNPATH_SEARCH_PATHS = "$(inherited) @executable_path/Frameworks @loader_path/Frameworks";
				PRODUCT_BUNDLE_IDENTIFIER = "net.paddlefish.reactive-siestaTests";
				PRODUCT_NAME = "$(TARGET_NAME)";
				TEST_HOST = "$(BUILT_PRODUCTS_DIR)/reactive_siesta.app/reactive_siesta";
			};
			name = Debug;
		};
		714BC1BA1BC9620F00BEA8D8 /* Release */ = {
			isa = XCBuildConfiguration;
			baseConfigurationReference = 7051E48CD74E5056012762E2 /* Pods-reactive_siestaTests.release.xcconfig */;
			buildSettings = {
				BUNDLE_LOADER = "$(TEST_HOST)";
				INFOPLIST_FILE = reactive_siestaTests/Info.plist;
				LD_RUNPATH_SEARCH_PATHS = "$(inherited) @executable_path/Frameworks @loader_path/Frameworks";
				PRODUCT_BUNDLE_IDENTIFIER = "net.paddlefish.reactive-siestaTests";
				PRODUCT_NAME = "$(TARGET_NAME)";
				TEST_HOST = "$(BUILT_PRODUCTS_DIR)/reactive_siesta.app/reactive_siesta";
			};
			name = Release;
		};
		714BC1BC1BC9620F00BEA8D8 /* Debug */ = {
			isa = XCBuildConfiguration;
			baseConfigurationReference = 5AED411976681E8C7B253F3D /* Pods-reactive_siestaUITests.debug.xcconfig */;
			buildSettings = {
				INFOPLIST_FILE = reactive_siestaUITests/Info.plist;
				LD_RUNPATH_SEARCH_PATHS = "$(inherited) @executable_path/Frameworks @loader_path/Frameworks";
				PRODUCT_BUNDLE_IDENTIFIER = "net.paddlefish.reactive-siestaUITests";
				PRODUCT_NAME = "$(TARGET_NAME)";
				TEST_TARGET_NAME = reactive_siesta;
				USES_XCTRUNNER = YES;
			};
			name = Debug;
		};
		714BC1BD1BC9620F00BEA8D8 /* Release */ = {
			isa = XCBuildConfiguration;
			baseConfigurationReference = 81A1766A5CA8E17FA3F94D22 /* Pods-reactive_siestaUITests.release.xcconfig */;
			buildSettings = {
				INFOPLIST_FILE = reactive_siestaUITests/Info.plist;
				LD_RUNPATH_SEARCH_PATHS = "$(inherited) @executable_path/Frameworks @loader_path/Frameworks";
				PRODUCT_BUNDLE_IDENTIFIER = "net.paddlefish.reactive-siestaUITests";
				PRODUCT_NAME = "$(TARGET_NAME)";
				TEST_TARGET_NAME = reactive_siesta;
				USES_XCTRUNNER = YES;
			};
			name = Release;
		};
/* End XCBuildConfiguration section */

/* Begin XCConfigurationList section */
		714BC1801BC9620F00BEA8D8 /* Build configuration list for PBXProject "reactive_siesta" */ = {
			isa = XCConfigurationList;
			buildConfigurations = (
				714BC1B31BC9620F00BEA8D8 /* Debug */,
				714BC1B41BC9620F00BEA8D8 /* Release */,
			);
			defaultConfigurationIsVisible = 0;
			defaultConfigurationName = Release;
		};
		714BC1B51BC9620F00BEA8D8 /* Build configuration list for PBXNativeTarget "reactive_siesta" */ = {
			isa = XCConfigurationList;
			buildConfigurations = (
				714BC1B61BC9620F00BEA8D8 /* Debug */,
				714BC1B71BC9620F00BEA8D8 /* Release */,
			);
			defaultConfigurationIsVisible = 0;
			defaultConfigurationName = Release;
		};
		714BC1B81BC9620F00BEA8D8 /* Build configuration list for PBXNativeTarget "reactive_siestaTests" */ = {
			isa = XCConfigurationList;
			buildConfigurations = (
				714BC1B91BC9620F00BEA8D8 /* Debug */,
				714BC1BA1BC9620F00BEA8D8 /* Release */,
			);
			defaultConfigurationIsVisible = 0;
			defaultConfigurationName = Release;
		};
		714BC1BB1BC9620F00BEA8D8 /* Build configuration list for PBXNativeTarget "reactive_siestaUITests" */ = {
			isa = XCConfigurationList;
			buildConfigurations = (
				714BC1BC1BC9620F00BEA8D8 /* Debug */,
				714BC1BD1BC9620F00BEA8D8 /* Release */,
			);
			defaultConfigurationIsVisible = 0;
			defaultConfigurationName = Release;
		};
/* End XCConfigurationList section */
	};
	rootObject = 714BC17D1BC9620F00BEA8D8 /* Project object */;
}
